
Microsoft Visual Studio Solution File, Format Version 12.00
# Visual Studio Version 17
VisualStudioVersion = 17.4.33213.308
MinimumVisualStudioVersion = 10.0.40219.1
Project("{2150E333-8FDC-42A3-9474-1A3956D46DE8}") = "Resume.Core", "Resume.Core", "{CD3DCFA5-25FB-45CD-A970-0B0779667FBA}"
EndProject
Project("{9A19103F-16F7-4668-BE54-9A1E7A4F7556}") = "Resume", "Resume\Resume.csproj", "{A2807D3B-7CF8-4595-863F-05B0ADB394AF}"
EndProject
Project("{2150E333-8FDC-42A3-9474-1A3956D46DE8}") = "Resume.Application", "Resume.Application", "{3A6771D5-A026-4560-87B7-17ED121B8AED}"
EndProject
Project("{9A19103F-16F7-4668-BE54-9A1E7A4F7556}") = "Resume.Application", "Resume.Application\Resume.Application.csproj", "{07AB1AD1-D364-4E5D-98DE-145BF88A2E31}"
EndProject
Project("{2150E333-8FDC-42A3-9474-1A3956D46DE8}") = "Resume.Domain", "Resume.Domain", "{30F2829F-B20E-474D-A358-83866CCFC4EA}"
EndProject
Project("{9A19103F-16F7-4668-BE54-9A1E7A4F7556}") = "Resume.Domain", "Resume.Domain\Resume.Domain.csproj", "{7E3372ED-A1EB-4A6D-992B-F92D324FED27}"
EndProject
Project("{2150E333-8FDC-42A3-9474-1A3956D46DE8}") = "resume.Infrastructuer", "resume.Infrastructuer", "{D371F678-EB16-4119-8C61-5398E5447E04}"
EndProject
Project("{9A19103F-16F7-4668-BE54-9A1E7A4F7556}") = "Resume.Infrastructuer", "Resume.Infrastructuer\Resume.Infrastructuer.csproj", "{9D53B775-A2CC-4032-B712-CC70E3E56808}"
EndProject
Global
	GlobalSection(SolutionConfigurationPlatforms) = preSolution
		Debug|Any CPU = Debug|Any CPU
		Release|Any CPU = Release|Any CPU
	EndGlobalSection
	GlobalSection(ProjectConfigurationPlatforms) = postSolution
		{A2807D3B-7CF8-4595-863F-05B0ADB394AF}.Debug|Any CPU.ActiveCfg = Debug|Any CPU
		{A2807D3B-7CF8-4595-863F-05B0ADB394AF}.Debug|Any CPU.Build.0 = Debug|Any CPU
		{A2807D3B-7CF8-4595-863F-05B0ADB394AF}.Release|Any CPU.ActiveCfg = Release|Any CPU
		{A2807D3B-7CF8-4595-863F-05B0ADB394AF}.Release|Any CPU.Build.0 = Release|Any CPU
		{07AB1AD1-D364-4E5D-98DE-145BF88A2E31}.Debug|Any CPU.ActiveCfg = Debug|Any CPU
		{07AB1AD1-D364-4E5D-98DE-145BF88A2E31}.Debug|Any CPU.Build.0 = Debug|Any CPU
		{07AB1AD1-D364-4E5D-98DE-145BF88A2E31}.Release|Any CPU.ActiveCfg = Release|Any CPU
		{07AB1AD1-D364-4E5D-98DE-145BF88A2E31}.Release|Any CPU.Build.0 = Release|Any CPU
		{7E3372ED-A1EB-4A6D-992B-F92D324FED27}.Debug|Any CPU.ActiveCfg = Debug|Any CPU
		{7E3372ED-A1EB-4A6D-992B-F92D324FED27}.Debug|Any CPU.Build.0 = Debug|Any CPU
		{7E3372ED-A1EB-4A6D-992B-F92D324FED27}.Release|Any CPU.ActiveCfg = Release|Any CPU
		{7E3372ED-A1EB-4A6D-992B-F92D324FED27}.Release|Any CPU.Build.0 = Release|Any CPU
		{9D53B775-A2CC-4032-B712-CC70E3E56808}.Debug|Any CPU.ActiveCfg = Debug|Any CPU
		{9D53B775-A2CC-4032-B712-CC70E3E56808}.Debug|Any CPU.Build.0 = Debug|Any CPU
		{9D53B775-A2CC-4032-B712-CC70E3E56808}.Release|Any CPU.ActiveCfg = Release|Any CPU
		{9D53B775-A2CC-4032-B712-CC70E3E56808}.Release|Any CPU.Build.0 = Release|Any CPU
	EndGlobalSection
	GlobalSection(SolutionProperties) = preSolution
		HideSolutionNode = FALSE
	EndGlobalSection
	GlobalSection(NestedProjects) = preSolution
		{A2807D3B-7CF8-4595-863F-05B0ADB394AF} = {CD3DCFA5-25FB-45CD-A970-0B0779667FBA}
		{07AB1AD1-D364-4E5D-98DE-145BF88A2E31} = {3A6771D5-A026-4560-87B7-17ED121B8AED}
		{7E3372ED-A1EB-4A6D-992B-F92D324FED27} = {30F2829F-B20E-474D-A358-83866CCFC4EA}
		{9D53B775-A2CC-4032-B712-CC70E3E56808} = {D371F678-EB16-4119-8C61-5398E5447E04}
	EndGlobalSection
	GlobalSection(ExtensibilityGlobals) = postSolution
		SolutionGuid = {F72328D2-2EBC-4C0D-9B43-0B71455008DC}
	EndGlobalSection
EndGlobal
